github.com/cloudflare/bn256 v0.0.0-20190523220833-828ba4f91854 h1:DFSTHnHlJZHwZIGtqrnRFoJAVOMkVRbXzTXEqtoGfvY=
github.com/cloudflare/bn256 v0.0.0-20190523220833-828ba4f91854/go.mod h1:ctrw5eREXpbkwx+9YFDrqdOpmiAxCwXm7ty/66K67iU=
golang.org/x/sys v0.0.0-20190927073244-c990c680b611 h1:q9u40nxWT5zRClI/uU9dHCiYGottAg6Nzz4YUQyHxdA=
golang.org/x/sys v0.0.0-20190927073244-c990c680b611/go.mod h1:h1NjWce9XRLGQEsW7wpKNCjG9DtNlClVuFLEZdDNbEs=
